
Microsoft Visual Studio Solution File, Format Version 12.00
# Visual Studio Version 17
VisualStudioVersion = 17.0.32112.339
MinimumVisualStudioVersion = 10.0.40219.1
Project("{FAE04EC0-301F-11D3-BF4B-00C04F79EFBC}") = "SmallCalculator", "SmallCalculator\SmallCalculator.csproj", "{241D8AE2-48E7-496F-8578-91986A807DEE}"
EndProject
Global
	GlobalSection(SolutionConfigurationPlatforms) = preSolution
		Debug|Any CPU = Debug|Any CPU
		Release|Any CPU = Release|Any CPU
	EndGlobalSection
	GlobalSection(ProjectConfigurationPlatforms) = postSolution
		{241D8AE2-48E7-496F-8578-91986A807DEE}.Debug|Any CPU.ActiveCfg = Debug|Any CPU
		{241D8AE2-48E7-496F-8578-91986A807DEE}.Debug|Any CPU.Build.0 = Debug|Any CPU
		{241D8AE2-48E7-496F-8578-91986A807DEE}.Release|Any CPU.ActiveCfg = Release|Any CPU
		{241D8AE2-48E7-496F-8578-91986A807DEE}.Release|Any CPU.Build.0 = Release|Any CPU
	EndGlobalSection
	GlobalSection(SolutionProperties) = preSolution
		HideSolutionNode = FALSE
	EndGlobalSection
	GlobalSection(ExtensibilityGlobals) = postSolution
		SolutionGuid = {28C88E98-36B8-4670-B75E-F175CD08E3C5}
	EndGlobalSection
EndGlobal
